
Microsoft Visual Studio Solution File, Format Version 12.00
# Visual Studio Version 17
VisualStudioVersion = 17.13.35931.197 d17.13
MinimumVisualStudioVersion = 10.0.40219.1
Project("{FAE04EC0-301F-11D3-BF4B-00C04F79EFBC}") = "WebApplication9", "WebApplication9\WebApplication9.csproj", "{693AFA84-657C-4415-9C11-400E421DB03C}"
EndProject
Global
	GlobalSection(SolutionConfigurationPlatforms) = preSolution
		Debug|Any CPU = Debug|Any CPU
		Release|Any CPU = Release|Any CPU
	EndGlobalSection
	GlobalSection(ProjectConfigurationPlatforms) = postSolution
		{693AFA84-657C-4415-9C11-400E421DB03C}.Debug|Any CPU.ActiveCfg = Debug|Any CPU
		{693AFA84-657C-4415-9C11-400E421DB03C}.Debug|Any CPU.Build.0 = Debug|Any CPU
		{693AFA84-657C-4415-9C11-400E421DB03C}.Release|Any CPU.ActiveCfg = Release|Any CPU
		{693AFA84-657C-4415-9C11-400E421DB03C}.Release|Any CPU.Build.0 = Release|Any CPU
	EndGlobalSection
	GlobalSection(SolutionProperties) = preSolution
		HideSolutionNode = FALSE
	EndGlobalSection
	GlobalSection(ExtensibilityGlobals) = postSolution
		SolutionGuid = {83D764DC-164B-4A26-B189-A9EF47B4D41B}
	EndGlobalSection
EndGlobal
