
Microsoft Visual Studio Solution File, Format Version 12.00
# Visual Studio Version 17
VisualStudioVersion = 17.13.35931.197 d17.13
MinimumVisualStudioVersion = 10.0.40219.1
Project("{FAE04EC0-301F-11D3-BF4B-00C04F79EFBC}") = "ConsoleApp4", "ConsoleApp4\ConsoleApp4.csproj", "{1B8E075B-DA57-4205-85C5-1AB0F836BC06}"
EndProject
Global
	GlobalSection(SolutionConfigurationPlatforms) = preSolution
		Debug|Any CPU = Debug|Any CPU
		Release|Any CPU = Release|Any CPU
	EndGlobalSection
	GlobalSection(ProjectConfigurationPlatforms) = postSolution
		{1B8E075B-DA57-4205-85C5-1AB0F836BC06}.Debug|Any CPU.ActiveCfg = Debug|Any CPU
		{1B8E075B-DA57-4205-85C5-1AB0F836BC06}.Debug|Any CPU.Build.0 = Debug|Any CPU
		{1B8E075B-DA57-4205-85C5-1AB0F836BC06}.Release|Any CPU.ActiveCfg = Release|Any CPU
		{1B8E075B-DA57-4205-85C5-1AB0F836BC06}.Release|Any CPU.Build.0 = Release|Any CPU
	EndGlobalSection
	GlobalSection(SolutionProperties) = preSolution
		HideSolutionNode = FALSE
	EndGlobalSection
	GlobalSection(ExtensibilityGlobals) = postSolution
		SolutionGuid = {B9090F28-F64A-49D7-A50F-387CE3808027}
	EndGlobalSection
EndGlobal
