
Microsoft Visual Studio Solution File, Format Version 12.00
# Visual Studio Version 17
VisualStudioVersion = 17.13.35931.197 d17.13
MinimumVisualStudioVersion = 10.0.40219.1
Project("{FAE04EC0-301F-11D3-BF4B-00C04F79EFBC}") = "WebApplication12", "WebApplication12\WebApplication12.csproj", "{91ED2498-3F02-422E-BB59-7EB268C0BDEB}"
EndProject
Global
	GlobalSection(SolutionConfigurationPlatforms) = preSolution
		Debug|Any CPU = Debug|Any CPU
		Release|Any CPU = Release|Any CPU
	EndGlobalSection
	GlobalSection(ProjectConfigurationPlatforms) = postSolution
		{91ED2498-3F02-422E-BB59-7EB268C0BDEB}.Debug|Any CPU.ActiveCfg = Debug|Any CPU
		{91ED2498-3F02-422E-BB59-7EB268C0BDEB}.Debug|Any CPU.Build.0 = Debug|Any CPU
		{91ED2498-3F02-422E-BB59-7EB268C0BDEB}.Release|Any CPU.ActiveCfg = Release|Any CPU
		{91ED2498-3F02-422E-BB59-7EB268C0BDEB}.Release|Any CPU.Build.0 = Release|Any CPU
	EndGlobalSection
	GlobalSection(SolutionProperties) = preSolution
		HideSolutionNode = FALSE
	EndGlobalSection
	GlobalSection(ExtensibilityGlobals) = postSolution
		SolutionGuid = {A3B4D5F0-2D88-4253-868A-32EF7D7A6F48}
	EndGlobalSection
EndGlobal
