
Microsoft Visual Studio Solution File, Format Version 12.00
# Visual Studio Version 17
VisualStudioVersion = 17.13.35931.197 d17.13
MinimumVisualStudioVersion = 10.0.40219.1
Project("{FAE04EC0-301F-11D3-BF4B-00C04F79EFBC}") = "WebApplication6", "WebApplication6\WebApplication6.csproj", "{1EBCB8A2-B42F-41A7-B3A9-BD91F8AD228F}"
EndProject
Global
	GlobalSection(SolutionConfigurationPlatforms) = preSolution
		Debug|Any CPU = Debug|Any CPU
		Release|Any CPU = Release|Any CPU
	EndGlobalSection
	GlobalSection(ProjectConfigurationPlatforms) = postSolution
		{1EBCB8A2-B42F-41A7-B3A9-BD91F8AD228F}.Debug|Any CPU.ActiveCfg = Debug|Any CPU
		{1EBCB8A2-B42F-41A7-B3A9-BD91F8AD228F}.Debug|Any CPU.Build.0 = Debug|Any CPU
		{1EBCB8A2-B42F-41A7-B3A9-BD91F8AD228F}.Release|Any CPU.ActiveCfg = Release|Any CPU
		{1EBCB8A2-B42F-41A7-B3A9-BD91F8AD228F}.Release|Any CPU.Build.0 = Release|Any CPU
	EndGlobalSection
	GlobalSection(SolutionProperties) = preSolution
		HideSolutionNode = FALSE
	EndGlobalSection
	GlobalSection(ExtensibilityGlobals) = postSolution
		SolutionGuid = {64DB629D-4397-45DF-AE2F-578EE486D732}
	EndGlobalSection
EndGlobal
