
Microsoft Visual Studio Solution File, Format Version 12.00
# Visual Studio Version 17
VisualStudioVersion = 17.13.35931.197 d17.13
MinimumVisualStudioVersion = 10.0.40219.1
Project("{FAE04EC0-301F-11D3-BF4B-00C04F79EFBC}") = "Assignment", "Assignment\Assignment.csproj", "{98816F43-03CA-4C8E-8CD0-7F80BD2A5C6F}"
EndProject
Global
	GlobalSection(SolutionConfigurationPlatforms) = preSolution
		Debug|Any CPU = Debug|Any CPU
		Release|Any CPU = Release|Any CPU
	EndGlobalSection
	GlobalSection(ProjectConfigurationPlatforms) = postSolution
		{98816F43-03CA-4C8E-8CD0-7F80BD2A5C6F}.Debug|Any CPU.ActiveCfg = Debug|Any CPU
		{98816F43-03CA-4C8E-8CD0-7F80BD2A5C6F}.Debug|Any CPU.Build.0 = Debug|Any CPU
		{98816F43-03CA-4C8E-8CD0-7F80BD2A5C6F}.Release|Any CPU.ActiveCfg = Release|Any CPU
		{98816F43-03CA-4C8E-8CD0-7F80BD2A5C6F}.Release|Any CPU.Build.0 = Release|Any CPU
	EndGlobalSection
	GlobalSection(SolutionProperties) = preSolution
		HideSolutionNode = FALSE
	EndGlobalSection
	GlobalSection(ExtensibilityGlobals) = postSolution
		SolutionGuid = {4D4271B5-714A-476E-A4C7-A69076C77574}
	EndGlobalSection
EndGlobal
