
Microsoft Visual Studio Solution File, Format Version 12.00
# Visual Studio Version 17
VisualStudioVersion = 17.13.35931.197 d17.13
MinimumVisualStudioVersion = 10.0.40219.1
Project("{FAE04EC0-301F-11D3-BF4B-00C04F79EFBC}") = "WebApplication14", "WebApplication14\WebApplication14.csproj", "{0D1ED453-A55F-4168-B13E-3BFD6ED1D269}"
EndProject
Global
	GlobalSection(SolutionConfigurationPlatforms) = preSolution
		Debug|Any CPU = Debug|Any CPU
		Release|Any CPU = Release|Any CPU
	EndGlobalSection
	GlobalSection(ProjectConfigurationPlatforms) = postSolution
		{0D1ED453-A55F-4168-B13E-3BFD6ED1D269}.Debug|Any CPU.ActiveCfg = Debug|Any CPU
		{0D1ED453-A55F-4168-B13E-3BFD6ED1D269}.Debug|Any CPU.Build.0 = Debug|Any CPU
		{0D1ED453-A55F-4168-B13E-3BFD6ED1D269}.Release|Any CPU.ActiveCfg = Release|Any CPU
		{0D1ED453-A55F-4168-B13E-3BFD6ED1D269}.Release|Any CPU.Build.0 = Release|Any CPU
	EndGlobalSection
	GlobalSection(SolutionProperties) = preSolution
		HideSolutionNode = FALSE
	EndGlobalSection
	GlobalSection(ExtensibilityGlobals) = postSolution
		SolutionGuid = {436AC121-8F1D-4360-8DD7-E2A7CA1F7976}
	EndGlobalSection
EndGlobal
